
Microsoft Visual Studio Solution File, Format Version 12.00
# Visual Studio Version 16
VisualStudioVersion = 16.0.29519.181
MinimumVisualStudioVersion = 10.0.40219.1
Project("{FAE04EC0-301F-11D3-BF4B-00C04F79EFBC}") = "WebApplicationOnFramework", "WebApplicationOnFramework\WebApplicationOnFramework.csproj", "{9DD7558C-CD4A-4526-8EA2-FA83D9709F2B}"
EndProject
Global
	GlobalSection(SolutionConfigurationPlatforms) = preSolution
		Debug|Any CPU = Debug|Any CPU
		Release|Any CPU = Release|Any CPU
	EndGlobalSection
	GlobalSection(ProjectConfigurationPlatforms) = postSolution
		{9DD7558C-CD4A-4526-8EA2-FA83D9709F2B}.Debug|Any CPU.ActiveCfg = Debug|Any CPU
		{9DD7558C-CD4A-4526-8EA2-FA83D9709F2B}.Debug|Any CPU.Build.0 = Debug|Any CPU
		{9DD7558C-CD4A-4526-8EA2-FA83D9709F2B}.Release|Any CPU.ActiveCfg = Release|Any CPU
		{9DD7558C-CD4A-4526-8EA2-FA83D9709F2B}.Release|Any CPU.Build.0 = Release|Any CPU
	EndGlobalSection
	GlobalSection(SolutionProperties) = preSolution
		HideSolutionNode = FALSE
	EndGlobalSection
	GlobalSection(ExtensibilityGlobals) = postSolution
		SolutionGuid = {62C37D3D-2E08-418A-902B-769430AA21FD}
	EndGlobalSection
EndGlobal
